
Microsoft Visual Studio Solution File, Format Version 12.00
# Visual Studio Version 17
VisualStudioVersion = 17.12.35728.132
MinimumVisualStudioVersion = 10.0.40219.1
Project("{2150E333-8FDC-42A3-9474-1A3956D46DE8}") = "ApiConsume", "ApiConsume", "{B3E7903D-4BE6-4BCD-AA91-4F7B3A86B8A1}"
EndProject
Project("{2150E333-8FDC-42A3-9474-1A3956D46DE8}") = "Frontend", "Frontend", "{93C5F0BE-A8D0-49D6-B2A2-37C659DB3E4B}"
EndProject
Project("{FAE04EC0-301F-11D3-BF4B-00C04F79EFBC}") = "HotelProject.WebApi", "ApiConsume\HotelProject.WebApi\HotelProject.WebApi.csproj", "{155F6D05-B018-42EA-B108-C152688A5F16}"
EndProject
Project("{FAE04EC0-301F-11D3-BF4B-00C04F79EFBC}") = "HotelProject.EntityLayer", "ApiConsume\HotelProject.EntityLayer\HotelProject.EntityLayer.csproj", "{8EEEA5F1-BA50-46AF-82F0-01A96C31354C}"
EndProject
Project("{FAE04EC0-301F-11D3-BF4B-00C04F79EFBC}") = "HotelProject.DataAccessLayer", "ApiConsume\HotelProject.DataAccessLayer\HotelProject.DataAccessLayer.csproj", "{473822AC-38D8-4CF9-AC79-3A5DD8CCD8E9}"
EndProject
Project("{FAE04EC0-301F-11D3-BF4B-00C04F79EFBC}") = "HotelProject.BusinessLayer", "ApiConsume\HotelProject.BusinessLayer\HotelProject.BusinessLayer.csproj", "{577AB1F0-D387-4B19-B821-D7A8A14B47E0}"
EndProject
Project("{FAE04EC0-301F-11D3-BF4B-00C04F79EFBC}") = "HotelProject.DtoLayer", "ApiConsume\HotelProject.DtoLayer\HotelProject.DtoLayer.csproj", "{EA9D1A86-154F-4721-8A9A-7EF0F79BE9ED}"
EndProject
Project("{FAE04EC0-301F-11D3-BF4B-00C04F79EFBC}") = "HotelProject.WebUI", "Frontend\HotelProject.WebUI\HotelProject.WebUI.csproj", "{69958E02-3B55-43D2-BED4-C3F012A9D059}"
EndProject
Project("{2150E333-8FDC-42A3-9474-1A3956D46DE8}") = "RapidApi", "RapidApi", "{5C62AFC1-3E00-457E-B22F-3928CA4E7534}"
EndProject
Project("{FAE04EC0-301F-11D3-BF4B-00C04F79EFBC}") = "RapidApiConsume", "RapidApi\RapidApiConsume\RapidApiConsume.csproj", "{CA2096AD-4506-4493-9B5D-C47C29129113}"
EndProject
Project("{2150E333-8FDC-42A3-9474-1A3956D46DE8}") = "JwtProject", "JwtProject", "{47773B24-B364-4C3A-B7A5-E26F2677BAFA}"
EndProject
Project("{FAE04EC0-301F-11D3-BF4B-00C04F79EFBC}") = "WebApiJwt", "JwtProject\WebApiJwt\WebApiJwt.csproj", "{A8AC0065-83B6-4B7E-9981-7D7BAACA955B}"
EndProject
Global
	GlobalSection(SolutionConfigurationPlatforms) = preSolution
		Debug|Any CPU = Debug|Any CPU
		Release|Any CPU = Release|Any CPU
	EndGlobalSection
	GlobalSection(ProjectConfigurationPlatforms) = postSolution
		{155F6D05-B018-42EA-B108-C152688A5F16}.Debug|Any CPU.ActiveCfg = Debug|Any CPU
		{155F6D05-B018-42EA-B108-C152688A5F16}.Debug|Any CPU.Build.0 = Debug|Any CPU
		{155F6D05-B018-42EA-B108-C152688A5F16}.Release|Any CPU.ActiveCfg = Release|Any CPU
		{155F6D05-B018-42EA-B108-C152688A5F16}.Release|Any CPU.Build.0 = Release|Any CPU
		{8EEEA5F1-BA50-46AF-82F0-01A96C31354C}.Debug|Any CPU.ActiveCfg = Debug|Any CPU
		{8EEEA5F1-BA50-46AF-82F0-01A96C31354C}.Debug|Any CPU.Build.0 = Debug|Any CPU
		{8EEEA5F1-BA50-46AF-82F0-01A96C31354C}.Release|Any CPU.ActiveCfg = Release|Any CPU
		{8EEEA5F1-BA50-46AF-82F0-01A96C31354C}.Release|Any CPU.Build.0 = Release|Any CPU
		{473822AC-38D8-4CF9-AC79-3A5DD8CCD8E9}.Debug|Any CPU.ActiveCfg = Debug|Any CPU
		{473822AC-38D8-4CF9-AC79-3A5DD8CCD8E9}.Debug|Any CPU.Build.0 = Debug|Any CPU
		{473822AC-38D8-4CF9-AC79-3A5DD8CCD8E9}.Release|Any CPU.ActiveCfg = Release|Any CPU
		{473822AC-38D8-4CF9-AC79-3A5DD8CCD8E9}.Release|Any CPU.Build.0 = Release|Any CPU
		{577AB1F0-D387-4B19-B821-D7A8A14B47E0}.Debug|Any CPU.ActiveCfg = Debug|Any CPU
		{577AB1F0-D387-4B19-B821-D7A8A14B47E0}.Debug|Any CPU.Build.0 = Debug|Any CPU
		{577AB1F0-D387-4B19-B821-D7A8A14B47E0}.Release|Any CPU.ActiveCfg = Release|Any CPU
		{577AB1F0-D387-4B19-B821-D7A8A14B47E0}.Release|Any CPU.Build.0 = Release|Any CPU
		{EA9D1A86-154F-4721-8A9A-7EF0F79BE9ED}.Debug|Any CPU.ActiveCfg = Debug|Any CPU
		{EA9D1A86-154F-4721-8A9A-7EF0F79BE9ED}.Debug|Any CPU.Build.0 = Debug|Any CPU
		{EA9D1A86-154F-4721-8A9A-7EF0F79BE9ED}.Release|Any CPU.ActiveCfg = Release|Any CPU
		{EA9D1A86-154F-4721-8A9A-7EF0F79BE9ED}.Release|Any CPU.Build.0 = Release|Any CPU
		{69958E02-3B55-43D2-BED4-C3F012A9D059}.Debug|Any CPU.ActiveCfg = Debug|Any CPU
		{69958E02-3B55-43D2-BED4-C3F012A9D059}.Debug|Any CPU.Build.0 = Debug|Any CPU
		{69958E02-3B55-43D2-BED4-C3F012A9D059}.Release|Any CPU.ActiveCfg = Release|Any CPU
		{69958E02-3B55-43D2-BED4-C3F012A9D059}.Release|Any CPU.Build.0 = Release|Any CPU
		{CA2096AD-4506-4493-9B5D-C47C29129113}.Debug|Any CPU.ActiveCfg = Debug|Any CPU
		{CA2096AD-4506-4493-9B5D-C47C29129113}.Debug|Any CPU.Build.0 = Debug|Any CPU
		{CA2096AD-4506-4493-9B5D-C47C29129113}.Release|Any CPU.ActiveCfg = Release|Any CPU
		{CA2096AD-4506-4493-9B5D-C47C29129113}.Release|Any CPU.Build.0 = Release|Any CPU
		{A8AC0065-83B6-4B7E-9981-7D7BAACA955B}.Debug|Any CPU.ActiveCfg = Debug|Any CPU
		{A8AC0065-83B6-4B7E-9981-7D7BAACA955B}.Debug|Any CPU.Build.0 = Debug|Any CPU
		{A8AC0065-83B6-4B7E-9981-7D7BAACA955B}.Release|Any CPU.ActiveCfg = Release|Any CPU
		{A8AC0065-83B6-4B7E-9981-7D7BAACA955B}.Release|Any CPU.Build.0 = Release|Any CPU
	EndGlobalSection
	GlobalSection(SolutionProperties) = preSolution
		HideSolutionNode = FALSE
	EndGlobalSection
	GlobalSection(NestedProjects) = preSolution
		{155F6D05-B018-42EA-B108-C152688A5F16} = {B3E7903D-4BE6-4BCD-AA91-4F7B3A86B8A1}
		{8EEEA5F1-BA50-46AF-82F0-01A96C31354C} = {B3E7903D-4BE6-4BCD-AA91-4F7B3A86B8A1}
		{473822AC-38D8-4CF9-AC79-3A5DD8CCD8E9} = {B3E7903D-4BE6-4BCD-AA91-4F7B3A86B8A1}
		{577AB1F0-D387-4B19-B821-D7A8A14B47E0} = {B3E7903D-4BE6-4BCD-AA91-4F7B3A86B8A1}
		{EA9D1A86-154F-4721-8A9A-7EF0F79BE9ED} = {B3E7903D-4BE6-4BCD-AA91-4F7B3A86B8A1}
		{69958E02-3B55-43D2-BED4-C3F012A9D059} = {93C5F0BE-A8D0-49D6-B2A2-37C659DB3E4B}
		{CA2096AD-4506-4493-9B5D-C47C29129113} = {5C62AFC1-3E00-457E-B22F-3928CA4E7534}
		{A8AC0065-83B6-4B7E-9981-7D7BAACA955B} = {47773B24-B364-4C3A-B7A5-E26F2677BAFA}
	EndGlobalSection
EndGlobal
